
Microsoft Visual Studio Solution File, Format Version 12.00
# Visual Studio 14
VisualStudioVersion = 14.0.25420.1
MinimumVisualStudioVersion = 10.0.40219.1
Project("{FAE04EC0-301F-11D3-BF4B-00C04F79EFBC}") = "Assignment1", "Assignment1\Assignment1.csproj", "{CC963298-9AC3-40A4-9694-19990A92F805}"
EndProject
Project("{FAE04EC0-301F-11D3-BF4B-00C04F79EFBC}") = "Assgn2", "Ass2\Assgn2.csproj", "{83A054AA-768F-42F7-A3D6-02562366A7C8}"
EndProject
Project("{FAE04EC0-301F-11D3-BF4B-00C04F79EFBC}") = "Assgn3", "Assgn3\Assgn3.csproj", "{95FAF671-4CDA-4ED3-B6D6-E504740F78C9}"
EndProject
Global
	GlobalSection(SolutionConfigurationPlatforms) = preSolution
		Debug|Any CPU = Debug|Any CPU
		Release|Any CPU = Release|Any CPU
	EndGlobalSection
	GlobalSection(ProjectConfigurationPlatforms) = postSolution
		{CC963298-9AC3-40A4-9694-19990A92F805}.Debug|Any CPU.ActiveCfg = Debug|Any CPU
		{CC963298-9AC3-40A4-9694-19990A92F805}.Debug|Any CPU.Build.0 = Debug|Any CPU
		{CC963298-9AC3-40A4-9694-19990A92F805}.Release|Any CPU.ActiveCfg = Release|Any CPU
		{CC963298-9AC3-40A4-9694-19990A92F805}.Release|Any CPU.Build.0 = Release|Any CPU
		{83A054AA-768F-42F7-A3D6-02562366A7C8}.Debug|Any CPU.ActiveCfg = Debug|Any CPU
		{83A054AA-768F-42F7-A3D6-02562366A7C8}.Debug|Any CPU.Build.0 = Debug|Any CPU
		{83A054AA-768F-42F7-A3D6-02562366A7C8}.Release|Any CPU.ActiveCfg = Release|Any CPU
		{83A054AA-768F-42F7-A3D6-02562366A7C8}.Release|Any CPU.Build.0 = Release|Any CPU
		{95FAF671-4CDA-4ED3-B6D6-E504740F78C9}.Debug|Any CPU.ActiveCfg = Debug|Any CPU
		{95FAF671-4CDA-4ED3-B6D6-E504740F78C9}.Debug|Any CPU.Build.0 = Debug|Any CPU
		{95FAF671-4CDA-4ED3-B6D6-E504740F78C9}.Release|Any CPU.ActiveCfg = Release|Any CPU
		{95FAF671-4CDA-4ED3-B6D6-E504740F78C9}.Release|Any CPU.Build.0 = Release|Any CPU
	EndGlobalSection
	GlobalSection(SolutionProperties) = preSolution
		HideSolutionNode = FALSE
	EndGlobalSection
EndGlobal
